<?xml version="1.0" encoding="utf-8"?>
<Project ToolsVersion="4.0" xmlns="http://schemas.microsoft.com/developer/msbuild/2003">
  <ItemGroup>
    <ClCompile Include="..\..\..\..\..\..\sources\uic\codec\image\jpeg2000\common\src\codestream\common\djp2quantcomp.cpp">
      <Filter>Source Files</Filter>
    </ClCompile>
    <ClCompile Include="..\..\..\..\..\..\sources\uic\codec\image\jpeg2000\common\src\codestream\ebcot\cbencoder.cpp">
      <Filter>Source Files</Filter>
    </ClCompile>
    <ClCompile Include="..\..\..\..\..\..\sources\uic\codec\image\jpeg2000\common\src\codestream\ebcot\dcodeblock.cpp">
      <Filter>Source Files</Filter>
    </ClCompile>
    <ClCompile Include="..\..\..\..\..\..\sources\uic\codec\image\jpeg2000\common\src\codestream\ebcot\dprecinct.cpp">
      <Filter>Source Files</Filter>
    </ClCompile>
    <ClCompile Include="..\..\..\..\..\..\sources\uic\codec\image\jpeg2000\common\src\codestream\ebcot\dsubband.cpp">
      <Filter>Source Files</Filter>
    </ClCompile>
    <ClCompile Include="..\..\..\..\..\..\sources\uic\codec\image\jpeg2000\common\src\codestream\ebcot\ecodeblock.cpp">
      <Filter>Source Files</Filter>
    </ClCompile>
    <ClCompile Include="..\..\..\..\..\..\sources\uic\codec\image\jpeg2000\common\src\codestream\ebcot\eprecinct.cpp">
      <Filter>Source Files</Filter>
    </ClCompile>
    <ClCompile Include="..\..\..\..\..\..\sources\uic\codec\image\jpeg2000\common\src\codestream\ebcot\ereslevel.cpp">
      <Filter>Source Files</Filter>
    </ClCompile>
    <ClCompile Include="..\..\..\..\..\..\sources\uic\codec\image\jpeg2000\common\src\codestream\ebcot\esubband.cpp">
      <Filter>Source Files</Filter>
    </ClCompile>
    <ClCompile Include="..\..\..\..\..\..\sources\uic\codec\image\jpeg2000\common\src\codestream\ebcot\etile.cpp">
      <Filter>Source Files</Filter>
    </ClCompile>
    <ClCompile Include="..\..\..\..\..\..\sources\uic\codec\image\jpeg2000\common\src\codestream\ebcot\etilecomp.cpp">
      <Filter>Source Files</Filter>
    </ClCompile>
    <ClCompile Include="..\..\..\..\..\..\sources\uic\codec\image\jpeg2000\common\src\codestream\mainheader\djp2csmainheader.cpp">
      <Filter>Source Files</Filter>
    </ClCompile>
    <ClCompile Include="..\..\..\..\..\..\sources\uic\codec\image\jpeg2000\common\src\codestream\packetheader\tagtree.cpp">
      <Filter>Source Files</Filter>
    </ClCompile>
    <ClCompile Include="..\..\..\..\..\..\sources\uic\codec\image\jpeg2000\common\src\codestream\packetheader\tagtreeencoder.cpp">
      <Filter>Source Files</Filter>
    </ClCompile>
    <ClCompile Include="..\..\..\..\..\..\sources\uic\codec\image\jpeg2000\common\src\codestream\tile\djp2cstile.cpp">
      <Filter>Source Files</Filter>
    </ClCompile>
    <ClCompile Include="..\..\..\..\..\..\sources\uic\codec\image\jpeg2000\common\src\codestream\tile\jp2tileprogriterator.cpp">
      <Filter>Source Files</Filter>
    </ClCompile>
    <ClCompile Include="..\..\..\..\..\..\sources\uic\codec\image\jpeg2000\common\src\common\image\imageconvert.cpp">
      <Filter>Source Files</Filter>
    </ClCompile>
    <ClCompile Include="..\..\..\..\..\..\sources\uic\codec\image\jpeg2000\common\src\common\stream\bufferstream.cpp">
      <Filter>Source Files</Filter>
    </ClCompile>
    <ClCompile Include="..\..\..\..\..\..\sources\uic\codec\image\jpeg2000\common\src\common\string\strnaturechar.cpp">
      <Filter>Source Files</Filter>
    </ClCompile>
    <ClCompile Include="..\..\..\..\..\..\sources\uic\codec\image\jpeg2000\common\src\main.cpp">
      <Filter>Source Files</Filter>
    </ClCompile>
  </ItemGroup>
  <ItemGroup>
    <ClInclude Include="..\..\..\..\..\..\sources\uic\codec\image\jpeg2000\common\src\box\djp2box.h">
      <Filter>Header Files</Filter>
    </ClInclude>
    <ClInclude Include="..\..\..\..\..\..\sources\uic\codec\image\jpeg2000\common\src\box\djp2boxbitspercomp.h">
      <Filter>Header Files</Filter>
    </ClInclude>
    <ClInclude Include="..\..\..\..\..\..\sources\uic\codec\image\jpeg2000\common\src\box\djp2boxcaptureresolution.h">
      <Filter>Header Files</Filter>
    </ClInclude>
    <ClInclude Include="..\..\..\..\..\..\sources\uic\codec\image\jpeg2000\common\src\box\djp2boxcolourspec.h">
      <Filter>Header Files</Filter>
    </ClInclude>
    <ClInclude Include="..\..\..\..\..\..\sources\uic\codec\image\jpeg2000\common\src\box\djp2boxcompmapping.h">
      <Filter>Header Files</Filter>
    </ClInclude>
    <ClInclude Include="..\..\..\..\..\..\sources\uic\codec\image\jpeg2000\common\src\box\djp2boxdisplayresolution.h">
      <Filter>Header Files</Filter>
    </ClInclude>
    <ClInclude Include="..\..\..\..\..\..\sources\uic\codec\image\jpeg2000\common\src\box\djp2boxexception.h">
      <Filter>Header Files</Filter>
    </ClInclude>
    <ClInclude Include="..\..\..\..\..\..\sources\uic\codec\image\jpeg2000\common\src\box\djp2boxheader.h">
      <Filter>Header Files</Filter>
    </ClInclude>
    <ClInclude Include="..\..\..\..\..\..\sources\uic\codec\image\jpeg2000\common\src\box\djp2boximageheader.h">
      <Filter>Header Files</Filter>
    </ClInclude>
    <ClInclude Include="..\..\..\..\..\..\sources\uic\codec\image\jpeg2000\common\src\box\djp2boxpalette.h">
      <Filter>Header Files</Filter>
    </ClInclude>
    <ClInclude Include="..\..\..\..\..\..\sources\uic\codec\image\jpeg2000\common\src\box\djp2boxresolution.h">
      <Filter>Header Files</Filter>
    </ClInclude>
    <ClInclude Include="..\..\..\..\..\..\sources\uic\codec\image\jpeg2000\common\src\box\djp2boxuuid.h">
      <Filter>Header Files</Filter>
    </ClInclude>
    <ClInclude Include="..\..\..\..\..\..\sources\uic\codec\image\jpeg2000\common\src\box\djp2boxwarning.h">
      <Filter>Header Files</Filter>
    </ClInclude>
    <ClInclude Include="..\..\..\..\..\..\sources\uic\codec\image\jpeg2000\common\src\box\ejp2box.h">
      <Filter>Header Files</Filter>
    </ClInclude>
    <ClInclude Include="..\..\..\..\..\..\sources\uic\codec\image\jpeg2000\common\src\box\jp2box.h">
      <Filter>Header Files</Filter>
    </ClInclude>
    <ClInclude Include="..\..\..\..\..\..\sources\uic\codec\image\jpeg2000\common\src\box\jp2refgridresolution.h">
      <Filter>Header Files</Filter>
    </ClInclude>
    <ClInclude Include="..\..\..\..\..\..\sources\uic\codec\image\jpeg2000\common\src\codestream\common\cbcodingstyle.h">
      <Filter>Header Files</Filter>
    </ClInclude>
    <ClInclude Include="..\..\..\..\..\..\sources\uic\codec\image\jpeg2000\common\src\codestream\common\djp2csexception.h">
      <Filter>Header Files</Filter>
    </ClInclude>
    <ClInclude Include="..\..\..\..\..\..\sources\uic\codec\image\jpeg2000\common\src\codestream\common\djp2csunsuppexception.h">
      <Filter>Header Files</Filter>
    </ClInclude>
    <ClInclude Include="..\..\..\..\..\..\sources\uic\codec\image\jpeg2000\common\src\codestream\common\djp2cswarning.h">
      <Filter>Header Files</Filter>
    </ClInclude>
    <ClInclude Include="..\..\..\..\..\..\sources\uic\codec\image\jpeg2000\common\src\codestream\common\djp2quantcomp.h">
      <Filter>Header Files</Filter>
    </ClInclude>
    <ClInclude Include="..\..\..\..\..\..\sources\uic\codec\image\jpeg2000\common\src\codestream\common\jp2bitspercomp.h">
      <Filter>Header Files</Filter>
    </ClInclude>
    <ClInclude Include="..\..\..\..\..\..\sources\uic\codec\image\jpeg2000\common\src\codestream\common\jp2codingstylecomp.h">
      <Filter>Header Files</Filter>
    </ClInclude>
    <ClInclude Include="..\..\..\..\..\..\sources\uic\codec\image\jpeg2000\common\src\codestream\common\jp2codingstylejoint.h">
      <Filter>Header Files</Filter>
    </ClInclude>
    <ClInclude Include="..\..\..\..\..\..\sources\uic\codec\image\jpeg2000\common\src\codestream\common\jp2const.h">
      <Filter>Header Files</Filter>
    </ClInclude>
    <ClInclude Include="..\..\..\..\..\..\sources\uic\codec\image\jpeg2000\common\src\codestream\common\jp2progrrange.h">
      <Filter>Header Files</Filter>
    </ClInclude>
    <ClInclude Include="..\..\..\..\..\..\sources\uic\codec\image\jpeg2000\common\src\codestream\djp2codestream.h">
      <Filter>Header Files</Filter>
    </ClInclude>
    <ClInclude Include="..\..\..\..\..\..\sources\uic\codec\image\jpeg2000\common\src\codestream\ebcot\bcodeblock.h">
      <Filter>Header Files</Filter>
    </ClInclude>
    <ClInclude Include="..\..\..\..\..\..\sources\uic\codec\image\jpeg2000\common\src\codestream\ebcot\cbencoder.h">
      <Filter>Header Files</Filter>
    </ClInclude>
    <ClInclude Include="..\..\..\..\..\..\sources\uic\codec\image\jpeg2000\common\src\codestream\ebcot\dcblayer.h">
      <Filter>Header Files</Filter>
    </ClInclude>
    <ClInclude Include="..\..\..\..\..\..\sources\uic\codec\image\jpeg2000\common\src\codestream\ebcot\dcodeblock.h">
      <Filter>Header Files</Filter>
    </ClInclude>
    <ClInclude Include="..\..\..\..\..\..\sources\uic\codec\image\jpeg2000\common\src\codestream\ebcot\debcotwarning.h">
      <Filter>Header Files</Filter>
    </ClInclude>
    <ClInclude Include="..\..\..\..\..\..\sources\uic\codec\image\jpeg2000\common\src\codestream\ebcot\dprecinct.h">
      <Filter>Header Files</Filter>
    </ClInclude>
    <ClInclude Include="..\..\..\..\..\..\sources\uic\codec\image\jpeg2000\common\src\codestream\ebcot\dreslevel.h">
      <Filter>Header Files</Filter>
    </ClInclude>
    <ClInclude Include="..\..\..\..\..\..\sources\uic\codec\image\jpeg2000\common\src\codestream\ebcot\dsubband.h">
      <Filter>Header Files</Filter>
    </ClInclude>
    <ClInclude Include="..\..\..\..\..\..\sources\uic\codec\image\jpeg2000\common\src\codestream\ebcot\dtile.h">
      <Filter>Header Files</Filter>
    </ClInclude>
    <ClInclude Include="..\..\..\..\..\..\sources\uic\codec\image\jpeg2000\common\src\codestream\ebcot\dtilecomp.h">
      <Filter>Header Files</Filter>
    </ClInclude>
    <ClInclude Include="..\..\..\..\..\..\sources\uic\codec\image\jpeg2000\common\src\codestream\ebcot\ecbpass.h">
      <Filter>Header Files</Filter>
    </ClInclude>
    <ClInclude Include="..\..\..\..\..\..\sources\uic\codec\image\jpeg2000\common\src\codestream\ebcot\ecodeblock.h">
      <Filter>Header Files</Filter>
    </ClInclude>
    <ClInclude Include="..\..\..\..\..\..\sources\uic\codec\image\jpeg2000\common\src\codestream\ebcot\eprecinct.h">
      <Filter>Header Files</Filter>
    </ClInclude>
    <ClInclude Include="..\..\..\..\..\..\sources\uic\codec\image\jpeg2000\common\src\codestream\ebcot\ereslevel.h">
      <Filter>Header Files</Filter>
    </ClInclude>
    <ClInclude Include="..\..\..\..\..\..\sources\uic\codec\image\jpeg2000\common\src\codestream\ebcot\esubband.h">
      <Filter>Header Files</Filter>
    </ClInclude>
    <ClInclude Include="..\..\..\..\..\..\sources\uic\codec\image\jpeg2000\common\src\codestream\ebcot\etile.h">
      <Filter>Header Files</Filter>
    </ClInclude>
    <ClInclude Include="..\..\..\..\..\..\sources\uic\codec\image\jpeg2000\common\src\codestream\ebcot\etilecomp.h">
      <Filter>Header Files</Filter>
    </ClInclude>
    <ClInclude Include="..\..\..\..\..\..\sources\uic\codec\image\jpeg2000\common\src\codestream\mainheader\djp2csmainheader.h">
      <Filter>Header Files</Filter>
    </ClInclude>
    <ClInclude Include="..\..\..\..\..\..\sources\uic\codec\image\jpeg2000\common\src\codestream\marker\djp2marker.h">
      <Filter>Header Files</Filter>
    </ClInclude>
    <ClInclude Include="..\..\..\..\..\..\sources\uic\codec\image\jpeg2000\common\src\codestream\marker\djp2markerexception.h">
      <Filter>Header Files</Filter>
    </ClInclude>
    <ClInclude Include="..\..\..\..\..\..\sources\uic\codec\image\jpeg2000\common\src\codestream\marker\djp2markerwarning.h">
      <Filter>Header Files</Filter>
    </ClInclude>
    <ClInclude Include="..\..\..\..\..\..\sources\uic\codec\image\jpeg2000\common\src\codestream\marker\ejp2marker.h">
      <Filter>Header Files</Filter>
    </ClInclude>
    <ClInclude Include="..\..\..\..\..\..\sources\uic\codec\image\jpeg2000\common\src\codestream\marker\jp2marker.h">
      <Filter>Header Files</Filter>
    </ClInclude>
    <ClInclude Include="..\..\..\..\..\..\sources\uic\codec\image\jpeg2000\common\src\codestream\packetheader\dphwarning.h">
      <Filter>Header Files</Filter>
    </ClInclude>
    <ClInclude Include="..\..\..\..\..\..\sources\uic\codec\image\jpeg2000\common\src\codestream\packetheader\phbitin.h">
      <Filter>Header Files</Filter>
    </ClInclude>
    <ClInclude Include="..\..\..\..\..\..\sources\uic\codec\image\jpeg2000\common\src\codestream\packetheader\phbitout.h">
      <Filter>Header Files</Filter>
    </ClInclude>
    <ClInclude Include="..\..\..\..\..\..\sources\uic\codec\image\jpeg2000\common\src\codestream\packetheader\tagtree.h">
      <Filter>Header Files</Filter>
    </ClInclude>
    <ClInclude Include="..\..\..\..\..\..\sources\uic\codec\image\jpeg2000\common\src\codestream\packetheader\tagtreedecoder.h">
      <Filter>Header Files</Filter>
    </ClInclude>
    <ClInclude Include="..\..\..\..\..\..\sources\uic\codec\image\jpeg2000\common\src\codestream\packetheader\tagtreeencoder.h">
      <Filter>Header Files</Filter>
    </ClInclude>
    <ClInclude Include="..\..\..\..\..\..\sources\uic\codec\image\jpeg2000\common\src\codestream\quant\dquant.h">
      <Filter>Header Files</Filter>
    </ClInclude>
    <ClInclude Include="..\..\..\..\..\..\sources\uic\codec\image\jpeg2000\common\src\codestream\quant\equant.h">
      <Filter>Header Files</Filter>
    </ClInclude>
    <ClInclude Include="..\..\..\..\..\..\sources\uic\codec\image\jpeg2000\common\src\codestream\quant\quant.h">
      <Filter>Header Files</Filter>
    </ClInclude>
    <ClInclude Include="..\..\..\..\..\..\sources\uic\codec\image\jpeg2000\common\src\codestream\tile\djp2cstile.h">
      <Filter>Header Files</Filter>
    </ClInclude>
    <ClInclude Include="..\..\..\..\..\..\sources\uic\codec\image\jpeg2000\common\src\codestream\tile\djp2cstilepartheader.h">
      <Filter>Header Files</Filter>
    </ClInclude>
    <ClInclude Include="..\..\..\..\..\..\sources\uic\codec\image\jpeg2000\common\src\codestream\tile\dpostprocess.h">
      <Filter>Header Files</Filter>
    </ClInclude>
    <ClInclude Include="..\..\..\..\..\..\sources\uic\codec\image\jpeg2000\common\src\codestream\tile\epreprocess.h">
      <Filter>Header Files</Filter>
    </ClInclude>
    <ClInclude Include="..\..\..\..\..\..\sources\uic\codec\image\jpeg2000\common\src\codestream\tile\jp2tileprogriterator.h">
      <Filter>Header Files</Filter>
    </ClInclude>
    <ClInclude Include="..\..\..\..\..\..\sources\uic\codec\image\jpeg2000\common\src\codestream\tile\tilemetric.h">
      <Filter>Header Files</Filter>
    </ClInclude>
    <ClInclude Include="..\..\..\..\..\..\sources\uic\codec\image\jpeg2000\common\src\codestream\wavelet\sbtree.h">
      <Filter>Header Files</Filter>
    </ClInclude>
    <ClInclude Include="..\..\..\..\..\..\sources\uic\codec\image\jpeg2000\common\src\codestream\wavelet\wt53fwd.h">
      <Filter>Header Files</Filter>
    </ClInclude>
    <ClInclude Include="..\..\..\..\..\..\sources\uic\codec\image\jpeg2000\common\src\codestream\wavelet\wt53inv.h">
      <Filter>Header Files</Filter>
    </ClInclude>
    <ClInclude Include="..\..\..\..\..\..\sources\uic\codec\image\jpeg2000\common\src\codestream\wavelet\wt97const16s32s.h">
      <Filter>Header Files</Filter>
    </ClInclude>
    <ClInclude Include="..\..\..\..\..\..\sources\uic\codec\image\jpeg2000\common\src\codestream\wavelet\wt97const32f.h">
      <Filter>Header Files</Filter>
    </ClInclude>
    <ClInclude Include="..\..\..\..\..\..\sources\uic\codec\image\jpeg2000\common\src\codestream\wavelet\wt97fwdcol16s.h">
      <Filter>Header Files</Filter>
    </ClInclude>
    <ClInclude Include="..\..\..\..\..\..\sources\uic\codec\image\jpeg2000\common\src\codestream\wavelet\wt97fwdcol32f.h">
      <Filter>Header Files</Filter>
    </ClInclude>
    <ClInclude Include="..\..\..\..\..\..\sources\uic\codec\image\jpeg2000\common\src\codestream\wavelet\wt97fwdcol32s.h">
      <Filter>Header Files</Filter>
    </ClInclude>
    <ClInclude Include="..\..\..\..\..\..\sources\uic\codec\image\jpeg2000\common\src\codestream\wavelet\wt97fwdcolgen.h">
      <Filter>Header Files</Filter>
    </ClInclude>
    <ClInclude Include="..\..\..\..\..\..\sources\uic\codec\image\jpeg2000\common\src\codestream\wavelet\wt97fwdrow16s.h">
      <Filter>Header Files</Filter>
    </ClInclude>
    <ClInclude Include="..\..\..\..\..\..\sources\uic\codec\image\jpeg2000\common\src\codestream\wavelet\wt97fwdrow32f.h">
      <Filter>Header Files</Filter>
    </ClInclude>
    <ClInclude Include="..\..\..\..\..\..\sources\uic\codec\image\jpeg2000\common\src\codestream\wavelet\wt97fwdrow32s.h">
      <Filter>Header Files</Filter>
    </ClInclude>
    <ClInclude Include="..\..\..\..\..\..\sources\uic\codec\image\jpeg2000\common\src\codestream\wavelet\wt97fwdrowgen.h">
      <Filter>Header Files</Filter>
    </ClInclude>
    <ClInclude Include="..\..\..\..\..\..\sources\uic\codec\image\jpeg2000\common\src\codestream\wavelet\wt97invborderindexhmt.h">
      <Filter>Header Files</Filter>
    </ClInclude>
    <ClInclude Include="..\..\..\..\..\..\sources\uic\codec\image\jpeg2000\common\src\codestream\wavelet\wt97invborderindexlmt.h">
      <Filter>Header Files</Filter>
    </ClInclude>
    <ClInclude Include="..\..\..\..\..\..\sources\uic\codec\image\jpeg2000\common\src\codestream\wavelet\wt97invcol16s.h">
      <Filter>Header Files</Filter>
    </ClInclude>
    <ClInclude Include="..\..\..\..\..\..\sources\uic\codec\image\jpeg2000\common\src\codestream\wavelet\wt97invcol32f.h">
      <Filter>Header Files</Filter>
    </ClInclude>
    <ClInclude Include="..\..\..\..\..\..\sources\uic\codec\image\jpeg2000\common\src\codestream\wavelet\wt97invcol32s.h">
      <Filter>Header Files</Filter>
    </ClInclude>
    <ClInclude Include="..\..\..\..\..\..\sources\uic\codec\image\jpeg2000\common\src\codestream\wavelet\wt97invcolgen.h">
      <Filter>Header Files</Filter>
    </ClInclude>
    <ClInclude Include="..\..\..\..\..\..\sources\uic\codec\image\jpeg2000\common\src\codestream\wavelet\wt97invcolgenbasemt.h">
      <Filter>Header Files</Filter>
    </ClInclude>
    <ClInclude Include="..\..\..\..\..\..\sources\uic\codec\image\jpeg2000\common\src\codestream\wavelet\wt97invcolgenhmt.h">
      <Filter>Header Files</Filter>
    </ClInclude>
    <ClInclude Include="..\..\..\..\..\..\sources\uic\codec\image\jpeg2000\common\src\codestream\wavelet\wt97invcolgenlmt.h">
      <Filter>Header Files</Filter>
    </ClInclude>
    <ClInclude Include="..\..\..\..\..\..\sources\uic\codec\image\jpeg2000\common\src\codestream\wavelet\wt97invcolgenmt.h">
      <Filter>Header Files</Filter>
    </ClInclude>
    <ClInclude Include="..\..\..\..\..\..\sources\uic\codec\image\jpeg2000\common\src\codestream\wavelet\wt97invcolmt32f.h">
      <Filter>Header Files</Filter>
    </ClInclude>
    <ClInclude Include="..\..\..\..\..\..\sources\uic\codec\image\jpeg2000\common\src\codestream\wavelet\wt97invrow16s.h">
      <Filter>Header Files</Filter>
    </ClInclude>
    <ClInclude Include="..\..\..\..\..\..\sources\uic\codec\image\jpeg2000\common\src\codestream\wavelet\wt97invrow32f.h">
      <Filter>Header Files</Filter>
    </ClInclude>
    <ClInclude Include="..\..\..\..\..\..\sources\uic\codec\image\jpeg2000\common\src\codestream\wavelet\wt97invrow32s.h">
      <Filter>Header Files</Filter>
    </ClInclude>
    <ClInclude Include="..\..\..\..\..\..\sources\uic\codec\image\jpeg2000\common\src\codestream\wavelet\wt97invrowgen.h">
      <Filter>Header Files</Filter>
    </ClInclude>
    <ClInclude Include="..\..\..\..\..\..\sources\uic\codec\image\jpeg2000\common\src\codestream\wavelet\wt97invrowgenhmt.h">
      <Filter>Header Files</Filter>
    </ClInclude>
    <ClInclude Include="..\..\..\..\..\..\sources\uic\codec\image\jpeg2000\common\src\codestream\wavelet\wt97invrowgenlmt.h">
      <Filter>Header Files</Filter>
    </ClInclude>
    <ClInclude Include="..\..\..\..\..\..\sources\uic\codec\image\jpeg2000\common\src\codestream\wavelet\wt97invrowgenmt.h">
      <Filter>Header Files</Filter>
    </ClInclude>
    <ClInclude Include="..\..\..\..\..\..\sources\uic\codec\image\jpeg2000\common\src\codestream\wavelet\wt97invrowmt32f.h">
      <Filter>Header Files</Filter>
    </ClInclude>
    <ClInclude Include="..\..\..\..\..\..\sources\uic\codec\image\jpeg2000\common\src\codestream\wavelet\wtfwd.h">
      <Filter>Header Files</Filter>
    </ClInclude>
    <ClInclude Include="..\..\..\..\..\..\sources\uic\codec\image\jpeg2000\common\src\codestream\wavelet\wtinv.h">
      <Filter>Header Files</Filter>
    </ClInclude>
    <ClInclude Include="..\..\..\..\..\..\sources\uic\codec\image\jpeg2000\common\src\codestream\wavelet\wtinvmt.h">
      <Filter>Header Files</Filter>
    </ClInclude>
    <ClInclude Include="..\..\..\..\..\..\sources\uic\codec\image\jpeg2000\common\src\codestream\wavelet\wtinvrowmt.h">
      <Filter>Header Files</Filter>
    </ClInclude>
    <ClInclude Include="..\..\..\..\..\..\sources\uic\codec\image\jpeg2000\common\src\codestream\wavelet\wtmetric.h">
      <Filter>Header Files</Filter>
    </ClInclude>
    <ClInclude Include="..\..\..\..\..\..\sources\uic\codec\image\jpeg2000\common\src\codestream\wavelet\wtmetricmt.h">
      <Filter>Header Files</Filter>
    </ClInclude>
    <ClInclude Include="..\..\..\..\..\..\sources\uic\codec\image\jpeg2000\common\src\common\addrarith.h">
      <Filter>Header Files</Filter>
    </ClInclude>
    <ClInclude Include="..\..\..\..\..\..\sources\uic\codec\image\jpeg2000\common\src\common\auxmath.h">
      <Filter>Header Files</Filter>
    </ClInclude>
    <ClInclude Include="..\..\..\..\..\..\sources\uic\codec\image\jpeg2000\common\src\common\bdiagnoutput.h">
      <Filter>Header Files</Filter>
    </ClInclude>
    <ClInclude Include="..\..\..\..\..\..\sources\uic\codec\image\jpeg2000\common\src\common\calcvector.h">
      <Filter>Header Files</Filter>
    </ClInclude>
    <ClInclude Include="..\..\..\..\..\..\sources\uic\codec\image\jpeg2000\common\src\common\container\delayline.h">
      <Filter>Header Files</Filter>
    </ClInclude>
    <ClInclude Include="..\..\..\..\..\..\sources\uic\codec\image\jpeg2000\common\src\common\container\fixedarray.h">
      <Filter>Header Files</Filter>
    </ClInclude>
    <ClInclude Include="..\..\..\..\..\..\sources\uic\codec\image\jpeg2000\common\src\common\container\fixedbuffer.h">
      <Filter>Header Files</Filter>
    </ClInclude>
    <ClInclude Include="..\..\..\..\..\..\sources\uic\codec\image\jpeg2000\common\src\common\container\list_.h">
      <Filter>Header Files</Filter>
    </ClInclude>
    <ClInclude Include="..\..\..\..\..\..\sources\uic\codec\image\jpeg2000\common\src\common\container\optionalarray.h">
      <Filter>Header Files</Filter>
    </ClInclude>
    <ClInclude Include="..\..\..\..\..\..\sources\uic\codec\image\jpeg2000\common\src\common\container\optionalvalue.h">
      <Filter>Header Files</Filter>
    </ClInclude>
    <ClInclude Include="..\..\..\..\..\..\sources\uic\codec\image\jpeg2000\common\src\common\container\ringbuffer.h">
      <Filter>Header Files</Filter>
    </ClInclude>
    <ClInclude Include="..\..\..\..\..\..\sources\uic\codec\image\jpeg2000\common\src\common\container\ringstripe.h">
      <Filter>Header Files</Filter>
    </ClInclude>
    <ClInclude Include="..\..\..\..\..\..\sources\uic\codec\image\jpeg2000\common\src\common\container\stack.h">
      <Filter>Header Files</Filter>
    </ClInclude>
    <ClInclude Include="..\..\..\..\..\..\sources\uic\codec\image\jpeg2000\common\src\common\decimetric.h">
      <Filter>Header Files</Filter>
    </ClInclude>
    <ClInclude Include="..\..\..\..\..\..\sources\uic\codec\image\jpeg2000\common\src\common\diagndescr.h">
      <Filter>Header Files</Filter>
    </ClInclude>
    <ClInclude Include="..\..\..\..\..\..\sources\uic\codec\image\jpeg2000\common\src\common\genalg.h">
      <Filter>Header Files</Filter>
    </ClInclude>
    <ClInclude Include="..\..\..\..\..\..\sources\uic\codec\image\jpeg2000\common\src\common\geometry\boundediterator.h">
      <Filter>Header Files</Filter>
    </ClInclude>
    <ClInclude Include="..\..\..\..\..\..\sources\uic\codec\image\jpeg2000\common\src\common\geometry\geometry1d.h">
      <Filter>Header Files</Filter>
    </ClInclude>
    <ClInclude Include="..\..\..\..\..\..\sources\uic\codec\image\jpeg2000\common\src\common\geometry\geometry2d.h">
      <Filter>Header Files</Filter>
    </ClInclude>
    <ClInclude Include="..\..\..\..\..\..\sources\uic\codec\image\jpeg2000\common\src\common\geometry\geometrybase.h">
      <Filter>Header Files</Filter>
    </ClInclude>
    <ClInclude Include="..\..\..\..\..\..\sources\uic\codec\image\jpeg2000\common\src\common\geometry\rasteriterator.h">
      <Filter>Header Files</Filter>
    </ClInclude>
    <ClInclude Include="..\..\..\..\..\..\sources\uic\codec\image\jpeg2000\common\src\common\geometry\rectgrid.h">
      <Filter>Header Files</Filter>
    </ClInclude>
    <ClInclude Include="..\..\..\..\..\..\sources\uic\codec\image\jpeg2000\common\src\common\image\image.h">
      <Filter>Header Files</Filter>
    </ClInclude>
    <ClInclude Include="..\..\..\..\..\..\sources\uic\codec\image\jpeg2000\common\src\common\image\imagealloc.h">
      <Filter>Header Files</Filter>
    </ClInclude>
    <ClInclude Include="..\..\..\..\..\..\sources\uic\codec\image\jpeg2000\common\src\common\image\imageconvert.h">
      <Filter>Header Files</Filter>
    </ClInclude>
    <ClInclude Include="..\..\..\..\..\..\sources\uic\codec\image\jpeg2000\common\src\common\image\imagecore.h">
      <Filter>Header Files</Filter>
    </ClInclude>
    <ClInclude Include="..\..\..\..\..\..\sources\uic\codec\image\jpeg2000\common\src\common\image\imagerowinput.h">
      <Filter>Header Files</Filter>
    </ClInclude>
    <ClInclude Include="..\..\..\..\..\..\sources\uic\codec\image\jpeg2000\common\src\common\image\imagerowoutput.h">
      <Filter>Header Files</Filter>
    </ClInclude>
    <ClInclude Include="..\..\..\..\..\..\sources\uic\codec\image\jpeg2000\common\src\common\image\rowiterator.h">
      <Filter>Header Files</Filter>
    </ClInclude>
    <ClInclude Include="..\..\..\..\..\..\sources\uic\codec\image\jpeg2000\common\src\common\image\trackedrowinput.h">
      <Filter>Header Files</Filter>
    </ClInclude>
    <ClInclude Include="..\..\..\..\..\..\sources\uic\codec\image\jpeg2000\common\src\common\image\trackedrowoutput.h">
      <Filter>Header Files</Filter>
    </ClInclude>
    <ClInclude Include="..\..\..\..\..\..\sources\uic\codec\image\jpeg2000\common\src\common\ippwrapper\pp.h">
      <Filter>Header Files</Filter>
    </ClInclude>
    <ClInclude Include="..\..\..\..\..\..\sources\uic\codec\image\jpeg2000\common\src\common\memexception.h">
      <Filter>Header Files</Filter>
    </ClInclude>
    <ClInclude Include="..\..\..\..\..\..\sources\uic\codec\image\jpeg2000\common\src\common\stream\bufferstream.h">
      <Filter>Header Files</Filter>
    </ClInclude>
    <ClInclude Include="..\..\..\..\..\..\sources\uic\codec\image\jpeg2000\common\src\common\stream\bytebuffer.h">
      <Filter>Header Files</Filter>
    </ClInclude>
    <ClInclude Include="..\..\..\..\..\..\sources\uic\codec\image\jpeg2000\common\src\common\stream\byteinput.h">
      <Filter>Header Files</Filter>
    </ClInclude>
    <ClInclude Include="..\..\..\..\..\..\sources\uic\codec\image\jpeg2000\common\src\common\stream\byteinputexception.h">
      <Filter>Header Files</Filter>
    </ClInclude>
    <ClInclude Include="..\..\..\..\..\..\sources\uic\codec\image\jpeg2000\common\src\common\stream\byteoutput.h">
      <Filter>Header Files</Filter>
    </ClInclude>
    <ClInclude Include="..\..\..\..\..\..\sources\uic\codec\image\jpeg2000\common\src\common\stream\dummyoutput.h">
      <Filter>Header Files</Filter>
    </ClInclude>
    <ClInclude Include="..\..\..\..\..\..\sources\uic\codec\image\jpeg2000\common\src\common\stream\lookahead.h">
      <Filter>Header Files</Filter>
    </ClInclude>
    <ClInclude Include="..\..\..\..\..\..\sources\uic\codec\image\jpeg2000\common\src\common\stream\memoryinput.h">
      <Filter>Header Files</Filter>
    </ClInclude>
    <ClInclude Include="..\..\..\..\..\..\sources\uic\codec\image\jpeg2000\common\src\common\stream\memoryoutput.h">
      <Filter>Header Files</Filter>
    </ClInclude>
    <ClInclude Include="..\..\..\..\..\..\sources\uic\codec\image\jpeg2000\common\src\common\string\fixedstring.h">
      <Filter>Header Files</Filter>
    </ClInclude>
    <ClInclude Include="..\..\..\..\..\..\sources\uic\codec\image\jpeg2000\common\src\common\string\stackstring.h">
      <Filter>Header Files</Filter>
    </ClInclude>
    <ClInclude Include="..\..\..\..\..\..\sources\uic\codec\image\jpeg2000\common\src\common\string\stralg.h">
      <Filter>Header Files</Filter>
    </ClInclude>
    <ClInclude Include="..\..\..\..\..\..\sources\uic\codec\image\jpeg2000\common\src\common\string\stricmp.h">
      <Filter>Header Files</Filter>
    </ClInclude>
    <ClInclude Include="..\..\..\..\..\..\sources\uic\codec\image\jpeg2000\common\src\common\string\strnature.h">
      <Filter>Header Files</Filter>
    </ClInclude>
    <ClInclude Include="..\..\..\..\..\..\sources\uic\codec\image\jpeg2000\common\src\diagn_adapter.h">
      <Filter>Header Files</Filter>
    </ClInclude>
    <ClInclude Include="..\..\..\..\..\..\sources\uic\codec\image\jpeg2000\common\src\file\djp2file.h">
      <Filter>Header Files</Filter>
    </ClInclude>
    <ClInclude Include="..\..\..\..\..\..\sources\uic\codec\image\jpeg2000\common\src\file\djp2fileexception.h">
      <Filter>Header Files</Filter>
    </ClInclude>
    <ClInclude Include="..\..\..\..\..\..\sources\uic\codec\image\jpeg2000\common\src\file\djp2filewarning.h">
      <Filter>Header Files</Filter>
    </ClInclude>
    <ClInclude Include="..\..\..\..\..\..\sources\uic\codec\image\jpeg2000\common\src\jp2_encode.h">
      <Filter>Header Files</Filter>
    </ClInclude>
    <ClInclude Include="..\..\..\..\..\..\sources\uic\codec\image\jpeg2000\common\src\ompthreads.h">
      <Filter>Header Files</Filter>
    </ClInclude>
    <ClInclude Include="..\..\..\..\..\..\sources\uic\codec\image\jpeg2000\common\src\stream_input_adapter.h">
      <Filter>Header Files</Filter>
    </ClInclude>
    <ClInclude Include="..\..\..\..\..\..\sources\uic\codec\image\jpeg2000\common\src\stream_output_adapter.h">
      <Filter>Header Files</Filter>
    </ClInclude>
  </ItemGroup>
  <ItemGroup>
    <CustomBuild Include="..\..\..\..\..\..\sources\uic\codec\image\jpeg2000\common\CMakeLists.txt" />
  </ItemGroup>
  <ItemGroup>
    <Filter Include="Source Files">
      <UniqueIdentifier>{E448777F-0A64-4A3B-8AC0-2C7F6F1D68E0}</UniqueIdentifier>
    </Filter>
    <Filter Include="Header Files">
      <UniqueIdentifier>{70324C6A-560C-4E44-8AF4-807EB9E03CCD}</UniqueIdentifier>
    </Filter>
  </ItemGroup>
</Project>
