<?xml version="1.0" encoding="utf-8"?>
<Project ToolsVersion="4.0" xmlns="http://schemas.microsoft.com/developer/msbuild/2003">
  <ItemGroup>
    <ClCompile Include="..\..\..\..\..\..\sources\uic\codec\image\jpeg\enc\src\bitstreamout.cpp">
      <Filter>Source Files</Filter>
    </ClCompile>
    <ClCompile Include="..\..\..\..\..\..\sources\uic\codec\image\jpeg\enc\src\enchtbl.cpp">
      <Filter>Source Files</Filter>
    </ClCompile>
    <ClCompile Include="..\..\..\..\..\..\sources\uic\codec\image\jpeg\enc\src\encqtbl.cpp">
      <Filter>Source Files</Filter>
    </ClCompile>
    <ClCompile Include="..\..\..\..\..\..\sources\uic\codec\image\jpeg\enc\src\jpegenc.cpp">
      <Filter>Source Files</Filter>
    </ClCompile>
    <ClCompile Include="..\..\..\..\..\..\sources\uic\codec\image\jpeg\enc\src\jpegencrst.cpp">
      <Filter>Source Files</Filter>
    </ClCompile>
    <ClCompile Include="..\..\..\..\..\..\sources\uic\codec\image\jpeg\enc\src\uic_jpeg_enc.cpp">
      <Filter>Source Files</Filter>
    </ClCompile>
  </ItemGroup>
  <ItemGroup>
    <ClInclude Include="..\..\..\..\..\..\sources\uic\codec\image\jpeg\enc\include\bitstreamout.h">
      <Filter>Header Files</Filter>
    </ClInclude>
    <ClInclude Include="..\..\..\..\..\..\sources\uic\codec\image\jpeg\enc\include\enchtbl.h">
      <Filter>Header Files</Filter>
    </ClInclude>
    <ClInclude Include="..\..\..\..\..\..\sources\uic\codec\image\jpeg\enc\include\encqtbl.h">
      <Filter>Header Files</Filter>
    </ClInclude>
    <ClInclude Include="..\..\..\..\..\..\sources\uic\codec\image\jpeg\enc\include\jpegenc.h">
      <Filter>Header Files</Filter>
    </ClInclude>
    <ClInclude Include="..\..\..\..\..\..\sources\uic\codec\image\jpeg\enc\include\uic_jpeg_enc.h">
      <Filter>Header Files</Filter>
    </ClInclude>
  </ItemGroup>
  <ItemGroup>
    <CustomBuild Include="..\..\..\..\..\..\sources\uic\codec\image\jpeg\enc\CMakeLists.txt" />
  </ItemGroup>
  <ItemGroup>
    <Filter Include="Source Files">
      <UniqueIdentifier>{E448777F-0A64-4A3B-8AC0-2C7F6F1D68E0}</UniqueIdentifier>
    </Filter>
    <Filter Include="Header Files">
      <UniqueIdentifier>{70324C6A-560C-4E44-8AF4-807EB9E03CCD}</UniqueIdentifier>
    </Filter>
  </ItemGroup>
</Project>
