<?xml version="1.0" encoding="utf-8"?>
<Project ToolsVersion="4.0" xmlns="http://schemas.microsoft.com/developer/msbuild/2003">
  <ItemGroup>
    <ClCompile Include="..\..\..\..\sources\uic\application\uic_transcoder_con\src\bmp.cpp">
      <Filter>Source Files</Filter>
    </ClCompile>
    <ClCompile Include="..\..\..\..\sources\uic\application\uic_transcoder_con\src\cmdline.cpp">
      <Filter>Source Files</Filter>
    </ClCompile>
    <ClCompile Include="..\..\..\..\sources\uic\application\uic_transcoder_con\src\detector.cpp">
      <Filter>Source Files</Filter>
    </ClCompile>
    <ClCompile Include="..\..\..\..\sources\uic\application\uic_transcoder_con\src\dicom.cpp">
      <Filter>Source Files</Filter>
    </ClCompile>
    <ClCompile Include="..\..\..\..\sources\uic\application\uic_transcoder_con\src\ippimage.cpp">
      <Filter>Source Files</Filter>
    </ClCompile>
    <ClCompile Include="..\..\..\..\sources\uic\application\uic_transcoder_con\src\jpeg.cpp">
      <Filter>Source Files</Filter>
    </ClCompile>
    <ClCompile Include="..\..\..\..\sources\uic\application\uic_transcoder_con\src\jpeg2k.cpp">
      <Filter>Source Files</Filter>
    </ClCompile>
    <ClCompile Include="..\..\..\..\sources\uic\application\uic_transcoder_con\src\jpegxr.cpp">
      <Filter>Source Files</Filter>
    </ClCompile>
    <ClCompile Include="..\..\..\..\sources\uic\application\uic_transcoder_con\src\png.cpp">
      <Filter>Source Files</Filter>
    </ClCompile>
    <ClCompile Include="..\..\..\..\sources\uic\application\uic_transcoder_con\src\precomp.cpp">
      <Filter>Source Files</Filter>
    </ClCompile>
    <ClCompile Include="..\..\..\..\sources\uic\application\uic_transcoder_con\src\raw.cpp">
      <Filter>Source Files</Filter>
    </ClCompile>
    <ClCompile Include="..\..\..\..\sources\uic\application\uic_transcoder_con\src\strnaturechar.cpp">
      <Filter>Source Files</Filter>
    </ClCompile>
    <ClCompile Include="..\..\..\..\sources\uic\application\uic_transcoder_con\src\timer.cpp">
      <Filter>Source Files</Filter>
    </ClCompile>
    <ClCompile Include="..\..\..\..\sources\uic\application\uic_transcoder_con\src\uic_transcoder_con.cpp">
      <Filter>Source Files</Filter>
    </ClCompile>
  </ItemGroup>
  <ItemGroup>
    <ClInclude Include="..\..\..\..\sources\uic\application\uic_transcoder_con\include\bmp.h">
      <Filter>Header Files</Filter>
    </ClInclude>
    <ClInclude Include="..\..\..\..\sources\uic\application\uic_transcoder_con\include\cmdline.h">
      <Filter>Header Files</Filter>
    </ClInclude>
    <ClInclude Include="..\..\..\..\sources\uic\application\uic_transcoder_con\include\detector.h">
      <Filter>Header Files</Filter>
    </ClInclude>
    <ClInclude Include="..\..\..\..\sources\uic\application\uic_transcoder_con\include\dicom.h">
      <Filter>Header Files</Filter>
    </ClInclude>
    <ClInclude Include="..\..\..\..\sources\uic\application\uic_transcoder_con\include\fixedarray.h">
      <Filter>Header Files</Filter>
    </ClInclude>
    <ClInclude Include="..\..\..\..\sources\uic\application\uic_transcoder_con\include\fixedbuffer.h">
      <Filter>Header Files</Filter>
    </ClInclude>
    <ClInclude Include="..\..\..\..\sources\uic\application\uic_transcoder_con\include\fixedstring.h">
      <Filter>Header Files</Filter>
    </ClInclude>
    <ClInclude Include="..\..\..\..\sources\uic\application\uic_transcoder_con\include\genalg.h">
      <Filter>Header Files</Filter>
    </ClInclude>
    <ClInclude Include="..\..\..\..\sources\uic\application\uic_transcoder_con\include\ippimage.h">
      <Filter>Header Files</Filter>
    </ClInclude>
    <ClInclude Include="..\..\..\..\sources\uic\application\uic_transcoder_con\include\jpeg.h">
      <Filter>Header Files</Filter>
    </ClInclude>
    <ClInclude Include="..\..\..\..\sources\uic\application\uic_transcoder_con\include\jpeg2k.h">
      <Filter>Header Files</Filter>
    </ClInclude>
    <ClInclude Include="..\..\..\..\sources\uic\application\uic_transcoder_con\include\jpegxr.h">
      <Filter>Header Files</Filter>
    </ClInclude>
    <ClInclude Include="..\..\..\..\sources\uic\application\uic_transcoder_con\include\list_.h">
      <Filter>Header Files</Filter>
    </ClInclude>
    <ClInclude Include="..\..\..\..\sources\uic\application\uic_transcoder_con\include\png.h">
      <Filter>Header Files</Filter>
    </ClInclude>
    <ClInclude Include="..\..\..\..\sources\uic\application\uic_transcoder_con\include\precomp.h">
      <Filter>Header Files</Filter>
    </ClInclude>
    <ClInclude Include="..\..\..\..\sources\uic\application\uic_transcoder_con\include\raw.h">
      <Filter>Header Files</Filter>
    </ClInclude>
    <ClInclude Include="..\..\..\..\sources\uic\application\uic_transcoder_con\include\stralg.h">
      <Filter>Header Files</Filter>
    </ClInclude>
    <ClInclude Include="..\..\..\..\sources\uic\application\uic_transcoder_con\include\stricmp.h">
      <Filter>Header Files</Filter>
    </ClInclude>
    <ClInclude Include="..\..\..\..\sources\uic\application\uic_transcoder_con\include\strnature.h">
      <Filter>Header Files</Filter>
    </ClInclude>
    <ClInclude Include="..\..\..\..\sources\uic\application\uic_transcoder_con\include\timer.h">
      <Filter>Header Files</Filter>
    </ClInclude>
    <ClInclude Include="..\..\..\..\sources\uic\application\uic_transcoder_con\include\uic_transcoder_con.h">
      <Filter>Header Files</Filter>
    </ClInclude>
  </ItemGroup>
  <ItemGroup>
    <CustomBuild Include="..\..\..\..\sources\uic\application\uic_transcoder_con\CMakeLists.txt" />
  </ItemGroup>
  <ItemGroup>
    <Filter Include="Source Files">
      <UniqueIdentifier>{E448777F-0A64-4A3B-8AC0-2C7F6F1D68E0}</UniqueIdentifier>
    </Filter>
    <Filter Include="Header Files">
      <UniqueIdentifier>{70324C6A-560C-4E44-8AF4-807EB9E03CCD}</UniqueIdentifier>
    </Filter>
  </ItemGroup>
</Project>
