Microsoft Visual Studio Solution File, Format Version 11.00
# Visual Studio 2010
Project("{8BC9CEB8-8B4A-11D0-8D11-00A0C91BC942}") = "ALL_BUILD", "ALL_BUILD.vcxproj", "{9A84E62D-46CE-4EF4-B531-F5262A381303}"
	ProjectSection(ProjectDependencies) = postProject
		{D318D960-068C-4C48-8D62-9E93434F4D35} = {D318D960-068C-4C48-8D62-9E93434F4D35}
	EndProjectSection
EndProject
Project("{8BC9CEB8-8B4A-11D0-8D11-00A0C91BC942}") = "ZERO_CHECK", "..\..\ZERO_CHECK.vcxproj", "{28F2AA71-D0EF-49D8-8BE6-7BA0B3C67898}"
	ProjectSection(ProjectDependencies) = postProject
	EndProjectSection
EndProject
Project("{8BC9CEB8-8B4A-11D0-8D11-00A0C91BC942}") = "bmp_dec", "..\..\codec\image\bmp\dec\bmp_dec.vcxproj", "{2D4EB027-E62D-4521-91C5-FFF588CEF74A}"
	ProjectSection(ProjectDependencies) = postProject
		{28F2AA71-D0EF-49D8-8BE6-7BA0B3C67898} = {28F2AA71-D0EF-49D8-8BE6-7BA0B3C67898}
	EndProjectSection
EndProject
Project("{8BC9CEB8-8B4A-11D0-8D11-00A0C91BC942}") = "bmp_enc", "..\..\codec\image\bmp\enc\bmp_enc.vcxproj", "{EA5DBC42-6DC4-44BD-9AC1-D34F263AC84D}"
	ProjectSection(ProjectDependencies) = postProject
		{28F2AA71-D0EF-49D8-8BE6-7BA0B3C67898} = {28F2AA71-D0EF-49D8-8BE6-7BA0B3C67898}
	EndProjectSection
EndProject
Project("{8BC9CEB8-8B4A-11D0-8D11-00A0C91BC942}") = "core_uic", "..\..\core\uic\core_uic.vcxproj", "{8147579E-07B2-4695-AD3E-441921D5D177}"
	ProjectSection(ProjectDependencies) = postProject
		{28F2AA71-D0EF-49D8-8BE6-7BA0B3C67898} = {28F2AA71-D0EF-49D8-8BE6-7BA0B3C67898}
	EndProjectSection
EndProject
Project("{8BC9CEB8-8B4A-11D0-8D11-00A0C91BC942}") = "jpeg2000_common", "..\..\codec\image\jpeg2000\common\jpeg2000_common.vcxproj", "{1DD96BB9-0572-4862-AD4A-D51787CE7E41}"
	ProjectSection(ProjectDependencies) = postProject
		{28F2AA71-D0EF-49D8-8BE6-7BA0B3C67898} = {28F2AA71-D0EF-49D8-8BE6-7BA0B3C67898}
	EndProjectSection
EndProject
Project("{8BC9CEB8-8B4A-11D0-8D11-00A0C91BC942}") = "jpeg2000_dec", "..\..\codec\image\jpeg2000\dec\jpeg2000_dec.vcxproj", "{43DBF39D-3375-4DEB-9DF1-45C7DDB33E03}"
	ProjectSection(ProjectDependencies) = postProject
		{28F2AA71-D0EF-49D8-8BE6-7BA0B3C67898} = {28F2AA71-D0EF-49D8-8BE6-7BA0B3C67898}
	EndProjectSection
EndProject
Project("{8BC9CEB8-8B4A-11D0-8D11-00A0C91BC942}") = "jpeg2000_enc", "..\..\codec\image\jpeg2000\enc\jpeg2000_enc.vcxproj", "{6E78BF0A-0991-4AE0-BD17-C098A182795A}"
	ProjectSection(ProjectDependencies) = postProject
		{28F2AA71-D0EF-49D8-8BE6-7BA0B3C67898} = {28F2AA71-D0EF-49D8-8BE6-7BA0B3C67898}
	EndProjectSection
EndProject
Project("{8BC9CEB8-8B4A-11D0-8D11-00A0C91BC942}") = "jpeg_common", "..\..\codec\image\jpeg\common\jpeg_common.vcxproj", "{6F760CCE-E3A5-4B20-A314-D43362377A1F}"
	ProjectSection(ProjectDependencies) = postProject
		{28F2AA71-D0EF-49D8-8BE6-7BA0B3C67898} = {28F2AA71-D0EF-49D8-8BE6-7BA0B3C67898}
	EndProjectSection
EndProject
Project("{8BC9CEB8-8B4A-11D0-8D11-00A0C91BC942}") = "jpeg_dec", "..\..\codec\image\jpeg\dec\jpeg_dec.vcxproj", "{B8D69889-0BE2-47DE-97F3-2231EBEFC16A}"
	ProjectSection(ProjectDependencies) = postProject
		{28F2AA71-D0EF-49D8-8BE6-7BA0B3C67898} = {28F2AA71-D0EF-49D8-8BE6-7BA0B3C67898}
	EndProjectSection
EndProject
Project("{8BC9CEB8-8B4A-11D0-8D11-00A0C91BC942}") = "jpeg_enc", "..\..\codec\image\jpeg\enc\jpeg_enc.vcxproj", "{4F55944C-2464-4C90-B33C-2365B01DC421}"
	ProjectSection(ProjectDependencies) = postProject
		{28F2AA71-D0EF-49D8-8BE6-7BA0B3C67898} = {28F2AA71-D0EF-49D8-8BE6-7BA0B3C67898}
	EndProjectSection
EndProject
Project("{8BC9CEB8-8B4A-11D0-8D11-00A0C91BC942}") = "jpegxr_common", "..\..\codec\image\jpegxr\common\jpegxr_common.vcxproj", "{53166F60-800D-4A8E-847F-6A81E98238BA}"
	ProjectSection(ProjectDependencies) = postProject
		{28F2AA71-D0EF-49D8-8BE6-7BA0B3C67898} = {28F2AA71-D0EF-49D8-8BE6-7BA0B3C67898}
	EndProjectSection
EndProject
Project("{8BC9CEB8-8B4A-11D0-8D11-00A0C91BC942}") = "jpegxr_dec", "..\..\codec\image\jpegxr\dec\jpegxr_dec.vcxproj", "{11756763-9AF2-495C-9B40-DD1804D37AB6}"
	ProjectSection(ProjectDependencies) = postProject
		{28F2AA71-D0EF-49D8-8BE6-7BA0B3C67898} = {28F2AA71-D0EF-49D8-8BE6-7BA0B3C67898}
	EndProjectSection
EndProject
Project("{8BC9CEB8-8B4A-11D0-8D11-00A0C91BC942}") = "jpegxr_enc", "..\..\codec\image\jpegxr\enc\jpegxr_enc.vcxproj", "{E038C391-CBB1-47D0-88E6-719460B860DA}"
	ProjectSection(ProjectDependencies) = postProject
		{28F2AA71-D0EF-49D8-8BE6-7BA0B3C67898} = {28F2AA71-D0EF-49D8-8BE6-7BA0B3C67898}
	EndProjectSection
EndProject
Project("{8BC9CEB8-8B4A-11D0-8D11-00A0C91BC942}") = "png_common", "..\..\codec\image\png\common\png_common.vcxproj", "{27EADAD8-8CC4-46B1-AC78-E940010389F7}"
	ProjectSection(ProjectDependencies) = postProject
		{28F2AA71-D0EF-49D8-8BE6-7BA0B3C67898} = {28F2AA71-D0EF-49D8-8BE6-7BA0B3C67898}
	EndProjectSection
EndProject
Project("{8BC9CEB8-8B4A-11D0-8D11-00A0C91BC942}") = "png_dec", "..\..\codec\image\png\dec\png_dec.vcxproj", "{97AC354B-81CF-45D1-83E0-131C96F8B7EB}"
	ProjectSection(ProjectDependencies) = postProject
		{28F2AA71-D0EF-49D8-8BE6-7BA0B3C67898} = {28F2AA71-D0EF-49D8-8BE6-7BA0B3C67898}
	EndProjectSection
EndProject
Project("{8BC9CEB8-8B4A-11D0-8D11-00A0C91BC942}") = "png_enc", "..\..\codec\image\png\enc\png_enc.vcxproj", "{9E801E06-593B-4CF0-8888-3B13265DF380}"
	ProjectSection(ProjectDependencies) = postProject
		{28F2AA71-D0EF-49D8-8BE6-7BA0B3C67898} = {28F2AA71-D0EF-49D8-8BE6-7BA0B3C67898}
	EndProjectSection
EndProject
Project("{8BC9CEB8-8B4A-11D0-8D11-00A0C91BC942}") = "uic_io", "..\..\io\uic_io\uic_io.vcxproj", "{8D76DCBF-3ABD-4217-B273-9F5D30F2E5B3}"
	ProjectSection(ProjectDependencies) = postProject
		{28F2AA71-D0EF-49D8-8BE6-7BA0B3C67898} = {28F2AA71-D0EF-49D8-8BE6-7BA0B3C67898}
	EndProjectSection
EndProject
Project("{8BC9CEB8-8B4A-11D0-8D11-00A0C91BC942}") = "uic_transcoder_con", "uic_transcoder_con.vcxproj", "{D318D960-068C-4C48-8D62-9E93434F4D35}"
	ProjectSection(ProjectDependencies) = postProject
		{28F2AA71-D0EF-49D8-8BE6-7BA0B3C67898} = {28F2AA71-D0EF-49D8-8BE6-7BA0B3C67898}
		{2D4EB027-E62D-4521-91C5-FFF588CEF74A} = {2D4EB027-E62D-4521-91C5-FFF588CEF74A}
		{EA5DBC42-6DC4-44BD-9AC1-D34F263AC84D} = {EA5DBC42-6DC4-44BD-9AC1-D34F263AC84D}
		{8147579E-07B2-4695-AD3E-441921D5D177} = {8147579E-07B2-4695-AD3E-441921D5D177}
		{1DD96BB9-0572-4862-AD4A-D51787CE7E41} = {1DD96BB9-0572-4862-AD4A-D51787CE7E41}
		{43DBF39D-3375-4DEB-9DF1-45C7DDB33E03} = {43DBF39D-3375-4DEB-9DF1-45C7DDB33E03}
		{6E78BF0A-0991-4AE0-BD17-C098A182795A} = {6E78BF0A-0991-4AE0-BD17-C098A182795A}
		{6F760CCE-E3A5-4B20-A314-D43362377A1F} = {6F760CCE-E3A5-4B20-A314-D43362377A1F}
		{B8D69889-0BE2-47DE-97F3-2231EBEFC16A} = {B8D69889-0BE2-47DE-97F3-2231EBEFC16A}
		{4F55944C-2464-4C90-B33C-2365B01DC421} = {4F55944C-2464-4C90-B33C-2365B01DC421}
		{53166F60-800D-4A8E-847F-6A81E98238BA} = {53166F60-800D-4A8E-847F-6A81E98238BA}
		{11756763-9AF2-495C-9B40-DD1804D37AB6} = {11756763-9AF2-495C-9B40-DD1804D37AB6}
		{E038C391-CBB1-47D0-88E6-719460B860DA} = {E038C391-CBB1-47D0-88E6-719460B860DA}
		{27EADAD8-8CC4-46B1-AC78-E940010389F7} = {27EADAD8-8CC4-46B1-AC78-E940010389F7}
		{97AC354B-81CF-45D1-83E0-131C96F8B7EB} = {97AC354B-81CF-45D1-83E0-131C96F8B7EB}
		{9E801E06-593B-4CF0-8888-3B13265DF380} = {9E801E06-593B-4CF0-8888-3B13265DF380}
		{8D76DCBF-3ABD-4217-B273-9F5D30F2E5B3} = {8D76DCBF-3ABD-4217-B273-9F5D30F2E5B3}
		{9AAC2BFB-6D40-4634-875B-F03E43103D3D} = {9AAC2BFB-6D40-4634-875B-F03E43103D3D}
	EndProjectSection
EndProject
Project("{8BC9CEB8-8B4A-11D0-8D11-00A0C91BC942}") = "zlib", "..\..\codec\image\zlib\zlib.vcxproj", "{9AAC2BFB-6D40-4634-875B-F03E43103D3D}"
	ProjectSection(ProjectDependencies) = postProject
		{28F2AA71-D0EF-49D8-8BE6-7BA0B3C67898} = {28F2AA71-D0EF-49D8-8BE6-7BA0B3C67898}
	EndProjectSection
EndProject
Project("{2150E333-8FDC-42A3-9474-1A3956D46DE8}") = "application", "\application", "{33B48DD2-5181-48A1-8B7D-F25BF8240958}"
EndProject
Project("{2150E333-8FDC-42A3-9474-1A3956D46DE8}") = "uic_transcoder_con", "\application\uic_transcoder_con", "{491AD162-6B81-4ECD-8C24-3810B1177B73}"
EndProject
Project("{2150E333-8FDC-42A3-9474-1A3956D46DE8}") = "codec", "\codec", "{F487087C-AE87-4FC6-AAFD-00A0707C80A7}"
EndProject
Project("{2150E333-8FDC-42A3-9474-1A3956D46DE8}") = "image", "\codec\image", "{9B6024A4-C34F-48B6-9A30-5F0C26280771}"
EndProject
Project("{2150E333-8FDC-42A3-9474-1A3956D46DE8}") = "core", "\core", "{95442C34-79E2-47B6-A875-C36EFD49CF8D}"
EndProject
Project("{2150E333-8FDC-42A3-9474-1A3956D46DE8}") = "uic", "\core\uic", "{3F644BF9-035B-4194-B5A8-5D609B41EE19}"
EndProject
Project("{2150E333-8FDC-42A3-9474-1A3956D46DE8}") = "io", "\io", "{001E57CB-EA8E-4D3B-BCE2-84708CCD1147}"
EndProject
Project("{2150E333-8FDC-42A3-9474-1A3956D46DE8}") = "uic_io", "\io\uic_io", "{66A8D253-2CB7-4BEF-AEF0-1E6A96EDEC9F}"
EndProject
Project("{2150E333-8FDC-42A3-9474-1A3956D46DE8}") = "CMakePredefinedTargets", "CMakePredefinedTargets", "{27A11FAE-C454-4AAF-AB99-4A19521B6FCE}"
EndProject
Global
	GlobalSection(SolutionConfigurationPlatforms) = preSolution
		release|x64 = release|x64
		debug|x64 = debug|x64
	EndGlobalSection
	GlobalSection(ProjectConfigurationPlatforms) = postSolution
		{9A84E62D-46CE-4EF4-B531-F5262A381303}.release|x64.ActiveCfg = release|x64
		{9A84E62D-46CE-4EF4-B531-F5262A381303}.debug|x64.ActiveCfg = debug|x64
		{28F2AA71-D0EF-49D8-8BE6-7BA0B3C67898}.release|x64.ActiveCfg = release|x64
		{28F2AA71-D0EF-49D8-8BE6-7BA0B3C67898}.release|x64.Build.0 = release|x64
		{28F2AA71-D0EF-49D8-8BE6-7BA0B3C67898}.debug|x64.ActiveCfg = debug|x64
		{28F2AA71-D0EF-49D8-8BE6-7BA0B3C67898}.debug|x64.Build.0 = debug|x64
		{2D4EB027-E62D-4521-91C5-FFF588CEF74A}.release|x64.ActiveCfg = release|x64
		{2D4EB027-E62D-4521-91C5-FFF588CEF74A}.release|x64.Build.0 = release|x64
		{2D4EB027-E62D-4521-91C5-FFF588CEF74A}.debug|x64.ActiveCfg = debug|x64
		{2D4EB027-E62D-4521-91C5-FFF588CEF74A}.debug|x64.Build.0 = debug|x64
		{EA5DBC42-6DC4-44BD-9AC1-D34F263AC84D}.release|x64.ActiveCfg = release|x64
		{EA5DBC42-6DC4-44BD-9AC1-D34F263AC84D}.release|x64.Build.0 = release|x64
		{EA5DBC42-6DC4-44BD-9AC1-D34F263AC84D}.debug|x64.ActiveCfg = debug|x64
		{EA5DBC42-6DC4-44BD-9AC1-D34F263AC84D}.debug|x64.Build.0 = debug|x64
		{8147579E-07B2-4695-AD3E-441921D5D177}.release|x64.ActiveCfg = release|x64
		{8147579E-07B2-4695-AD3E-441921D5D177}.release|x64.Build.0 = release|x64
		{8147579E-07B2-4695-AD3E-441921D5D177}.debug|x64.ActiveCfg = debug|x64
		{8147579E-07B2-4695-AD3E-441921D5D177}.debug|x64.Build.0 = debug|x64
		{1DD96BB9-0572-4862-AD4A-D51787CE7E41}.release|x64.ActiveCfg = release|x64
		{1DD96BB9-0572-4862-AD4A-D51787CE7E41}.release|x64.Build.0 = release|x64
		{1DD96BB9-0572-4862-AD4A-D51787CE7E41}.debug|x64.ActiveCfg = debug|x64
		{1DD96BB9-0572-4862-AD4A-D51787CE7E41}.debug|x64.Build.0 = debug|x64
		{43DBF39D-3375-4DEB-9DF1-45C7DDB33E03}.release|x64.ActiveCfg = release|x64
		{43DBF39D-3375-4DEB-9DF1-45C7DDB33E03}.release|x64.Build.0 = release|x64
		{43DBF39D-3375-4DEB-9DF1-45C7DDB33E03}.debug|x64.ActiveCfg = debug|x64
		{43DBF39D-3375-4DEB-9DF1-45C7DDB33E03}.debug|x64.Build.0 = debug|x64
		{6E78BF0A-0991-4AE0-BD17-C098A182795A}.release|x64.ActiveCfg = release|x64
		{6E78BF0A-0991-4AE0-BD17-C098A182795A}.release|x64.Build.0 = release|x64
		{6E78BF0A-0991-4AE0-BD17-C098A182795A}.debug|x64.ActiveCfg = debug|x64
		{6E78BF0A-0991-4AE0-BD17-C098A182795A}.debug|x64.Build.0 = debug|x64
		{6F760CCE-E3A5-4B20-A314-D43362377A1F}.release|x64.ActiveCfg = release|x64
		{6F760CCE-E3A5-4B20-A314-D43362377A1F}.release|x64.Build.0 = release|x64
		{6F760CCE-E3A5-4B20-A314-D43362377A1F}.debug|x64.ActiveCfg = debug|x64
		{6F760CCE-E3A5-4B20-A314-D43362377A1F}.debug|x64.Build.0 = debug|x64
		{B8D69889-0BE2-47DE-97F3-2231EBEFC16A}.release|x64.ActiveCfg = release|x64
		{B8D69889-0BE2-47DE-97F3-2231EBEFC16A}.release|x64.Build.0 = release|x64
		{B8D69889-0BE2-47DE-97F3-2231EBEFC16A}.debug|x64.ActiveCfg = debug|x64
		{B8D69889-0BE2-47DE-97F3-2231EBEFC16A}.debug|x64.Build.0 = debug|x64
		{4F55944C-2464-4C90-B33C-2365B01DC421}.release|x64.ActiveCfg = release|x64
		{4F55944C-2464-4C90-B33C-2365B01DC421}.release|x64.Build.0 = release|x64
		{4F55944C-2464-4C90-B33C-2365B01DC421}.debug|x64.ActiveCfg = debug|x64
		{4F55944C-2464-4C90-B33C-2365B01DC421}.debug|x64.Build.0 = debug|x64
		{53166F60-800D-4A8E-847F-6A81E98238BA}.release|x64.ActiveCfg = release|x64
		{53166F60-800D-4A8E-847F-6A81E98238BA}.release|x64.Build.0 = release|x64
		{53166F60-800D-4A8E-847F-6A81E98238BA}.debug|x64.ActiveCfg = debug|x64
		{53166F60-800D-4A8E-847F-6A81E98238BA}.debug|x64.Build.0 = debug|x64
		{11756763-9AF2-495C-9B40-DD1804D37AB6}.release|x64.ActiveCfg = release|x64
		{11756763-9AF2-495C-9B40-DD1804D37AB6}.release|x64.Build.0 = release|x64
		{11756763-9AF2-495C-9B40-DD1804D37AB6}.debug|x64.ActiveCfg = debug|x64
		{11756763-9AF2-495C-9B40-DD1804D37AB6}.debug|x64.Build.0 = debug|x64
		{E038C391-CBB1-47D0-88E6-719460B860DA}.release|x64.ActiveCfg = release|x64
		{E038C391-CBB1-47D0-88E6-719460B860DA}.release|x64.Build.0 = release|x64
		{E038C391-CBB1-47D0-88E6-719460B860DA}.debug|x64.ActiveCfg = debug|x64
		{E038C391-CBB1-47D0-88E6-719460B860DA}.debug|x64.Build.0 = debug|x64
		{27EADAD8-8CC4-46B1-AC78-E940010389F7}.release|x64.ActiveCfg = release|x64
		{27EADAD8-8CC4-46B1-AC78-E940010389F7}.release|x64.Build.0 = release|x64
		{27EADAD8-8CC4-46B1-AC78-E940010389F7}.debug|x64.ActiveCfg = debug|x64
		{27EADAD8-8CC4-46B1-AC78-E940010389F7}.debug|x64.Build.0 = debug|x64
		{97AC354B-81CF-45D1-83E0-131C96F8B7EB}.release|x64.ActiveCfg = release|x64
		{97AC354B-81CF-45D1-83E0-131C96F8B7EB}.release|x64.Build.0 = release|x64
		{97AC354B-81CF-45D1-83E0-131C96F8B7EB}.debug|x64.ActiveCfg = debug|x64
		{97AC354B-81CF-45D1-83E0-131C96F8B7EB}.debug|x64.Build.0 = debug|x64
		{9E801E06-593B-4CF0-8888-3B13265DF380}.release|x64.ActiveCfg = release|x64
		{9E801E06-593B-4CF0-8888-3B13265DF380}.release|x64.Build.0 = release|x64
		{9E801E06-593B-4CF0-8888-3B13265DF380}.debug|x64.ActiveCfg = debug|x64
		{9E801E06-593B-4CF0-8888-3B13265DF380}.debug|x64.Build.0 = debug|x64
		{8D76DCBF-3ABD-4217-B273-9F5D30F2E5B3}.release|x64.ActiveCfg = release|x64
		{8D76DCBF-3ABD-4217-B273-9F5D30F2E5B3}.release|x64.Build.0 = release|x64
		{8D76DCBF-3ABD-4217-B273-9F5D30F2E5B3}.debug|x64.ActiveCfg = debug|x64
		{8D76DCBF-3ABD-4217-B273-9F5D30F2E5B3}.debug|x64.Build.0 = debug|x64
		{D318D960-068C-4C48-8D62-9E93434F4D35}.release|x64.ActiveCfg = release|x64
		{D318D960-068C-4C48-8D62-9E93434F4D35}.release|x64.Build.0 = release|x64
		{D318D960-068C-4C48-8D62-9E93434F4D35}.debug|x64.ActiveCfg = debug|x64
		{D318D960-068C-4C48-8D62-9E93434F4D35}.debug|x64.Build.0 = debug|x64
		{9AAC2BFB-6D40-4634-875B-F03E43103D3D}.release|x64.ActiveCfg = release|x64
		{9AAC2BFB-6D40-4634-875B-F03E43103D3D}.release|x64.Build.0 = release|x64
		{9AAC2BFB-6D40-4634-875B-F03E43103D3D}.debug|x64.ActiveCfg = debug|x64
		{9AAC2BFB-6D40-4634-875B-F03E43103D3D}.debug|x64.Build.0 = debug|x64
	EndGlobalSection
	GlobalSection(NestedProjects) = preSolution
		{491AD162-6B81-4ECD-8C24-3810B1177B73} = {33B48DD2-5181-48A1-8B7D-F25BF8240958}
		{D318D960-068C-4C48-8D62-9E93434F4D35} = {491AD162-6B81-4ECD-8C24-3810B1177B73}
		{9B6024A4-C34F-48B6-9A30-5F0C26280771} = {F487087C-AE87-4FC6-AAFD-00A0707C80A7}
		{2D4EB027-E62D-4521-91C5-FFF588CEF74A} = {9B6024A4-C34F-48B6-9A30-5F0C26280771}
		{EA5DBC42-6DC4-44BD-9AC1-D34F263AC84D} = {9B6024A4-C34F-48B6-9A30-5F0C26280771}
		{1DD96BB9-0572-4862-AD4A-D51787CE7E41} = {9B6024A4-C34F-48B6-9A30-5F0C26280771}
		{43DBF39D-3375-4DEB-9DF1-45C7DDB33E03} = {9B6024A4-C34F-48B6-9A30-5F0C26280771}
		{6E78BF0A-0991-4AE0-BD17-C098A182795A} = {9B6024A4-C34F-48B6-9A30-5F0C26280771}
		{6F760CCE-E3A5-4B20-A314-D43362377A1F} = {9B6024A4-C34F-48B6-9A30-5F0C26280771}
		{B8D69889-0BE2-47DE-97F3-2231EBEFC16A} = {9B6024A4-C34F-48B6-9A30-5F0C26280771}
		{4F55944C-2464-4C90-B33C-2365B01DC421} = {9B6024A4-C34F-48B6-9A30-5F0C26280771}
		{53166F60-800D-4A8E-847F-6A81E98238BA} = {9B6024A4-C34F-48B6-9A30-5F0C26280771}
		{11756763-9AF2-495C-9B40-DD1804D37AB6} = {9B6024A4-C34F-48B6-9A30-5F0C26280771}
		{E038C391-CBB1-47D0-88E6-719460B860DA} = {9B6024A4-C34F-48B6-9A30-5F0C26280771}
		{27EADAD8-8CC4-46B1-AC78-E940010389F7} = {9B6024A4-C34F-48B6-9A30-5F0C26280771}
		{97AC354B-81CF-45D1-83E0-131C96F8B7EB} = {9B6024A4-C34F-48B6-9A30-5F0C26280771}
		{9E801E06-593B-4CF0-8888-3B13265DF380} = {9B6024A4-C34F-48B6-9A30-5F0C26280771}
		{9AAC2BFB-6D40-4634-875B-F03E43103D3D} = {9B6024A4-C34F-48B6-9A30-5F0C26280771}
		{3F644BF9-035B-4194-B5A8-5D609B41EE19} = {95442C34-79E2-47B6-A875-C36EFD49CF8D}
		{8147579E-07B2-4695-AD3E-441921D5D177} = {3F644BF9-035B-4194-B5A8-5D609B41EE19}
		{66A8D253-2CB7-4BEF-AEF0-1E6A96EDEC9F} = {001E57CB-EA8E-4D3B-BCE2-84708CCD1147}
		{8D76DCBF-3ABD-4217-B273-9F5D30F2E5B3} = {66A8D253-2CB7-4BEF-AEF0-1E6A96EDEC9F}
		{28F2AA71-D0EF-49D8-8BE6-7BA0B3C67898} = {27A11FAE-C454-4AAF-AB99-4A19521B6FCE}
	EndGlobalSection
	GlobalSection(ExtensibilityGlobals) = postSolution
	EndGlobalSection
	GlobalSection(ExtensibilityAddIns) = postSolution
	EndGlobalSection
EndGlobal
