<?xml version="1.0" encoding="utf-8"?>
<Project ToolsVersion="4.0" xmlns="http://schemas.microsoft.com/developer/msbuild/2003">
  <ItemGroup>
    <Filter Include="Source Files">
      <UniqueIdentifier>{4FC737F1-C7A5-4376-A066-2A32D752A2FF}</UniqueIdentifier>
      <Extensions>cpp;c;cc;cxx;def;odl;idl;hpj;bat;asm;asmx</Extensions>
    </Filter>
    <Filter Include="Header Files">
      <UniqueIdentifier>{93995380-89BD-4b04-88EB-625FBE52EBFB}</UniqueIdentifier>
      <Extensions>h;hpp;hxx;hm;inl;inc;xsd</Extensions>
    </Filter>
    <Filter Include="Resource Files">
      <UniqueIdentifier>{67DA6AB6-F800-4c08-8B7A-83BB121AAD01}</UniqueIdentifier>
      <Extensions>rc;ico;cur;bmp;dlg;rc2;rct;bin;rgs;gif;jpg;jpeg;jpe;resx;tiff;tif;png;wav;mfcribbon-ms</Extensions>
    </Filter>
    <Filter Include="ReleaseLibsx64">
      <UniqueIdentifier>{911b8a6f-446a-4354-b628-c4394a236fb9}</UniqueIdentifier>
    </Filter>
    <Filter Include="DebugLibsx64">
      <UniqueIdentifier>{540133c3-0260-48aa-88c3-9d99d843b301}</UniqueIdentifier>
    </Filter>
    <Filter Include="klMatrixLibs">
      <UniqueIdentifier>{0d73ebc9-4823-49ee-93fd-4f1b5e674b91}</UniqueIdentifier>
    </Filter>
    <Filter Include="klMatrixLibs\ReleaselPackages">
      <UniqueIdentifier>{7d7c785c-3e94-489a-b7b2-ed42e4cd3862}</UniqueIdentifier>
    </Filter>
    <Filter Include="klMatrixLibs\MatlabLibs">
      <UniqueIdentifier>{7b9ad006-9a78-44d8-802d-10255e53aa99}</UniqueIdentifier>
    </Filter>
    <Filter Include="klMatrixLibs\DebugklPackages">
      <UniqueIdentifier>{3f9a56a7-7674-48db-9f0c-9b7fe00550a8}</UniqueIdentifier>
    </Filter>
  </ItemGroup>
  <ItemGroup>
    <ClInclude Include="stdafx.h">
      <Filter>Header Files</Filter>
    </ClInclude>
    <ClInclude Include="targetver.h">
      <Filter>Header Files</Filter>
    </ClInclude>
    <ClInclude Include="..\klImageCoreV\resource.h">
      <Filter>Source Files</Filter>
    </ClInclude>
    <ClInclude Include="..\klImageCoreV\Stdafx.h">
      <Filter>Source Files</Filter>
    </ClInclude>
  </ItemGroup>
  <ItemGroup>
    <ClCompile Include="stdafx.cpp">
      <Filter>Source Files</Filter>
    </ClCompile>
    <ClCompile Include="TestKLImageCoreUnmanaged.cpp">
      <Filter>Source Files</Filter>
    </ClCompile>
  </ItemGroup>
  <ItemGroup>
    <Library Include="C:\Program Files (x86)\Microsoft SDKs\Windows\v7.0A\Lib\x64\User32.Lib" />
    <Library Include="C:\Program Files (x86)\Microsoft SDKs\Windows\v7.0A\Lib\x64\Psapi.Lib" />
    <Library Include="..\..\x64\Debug\libz.lib">
      <Filter>DebugLibsx64</Filter>
    </Library>
    <Library Include="..\..\x64\Debug\libtiff.lib">
      <Filter>DebugLibsx64</Filter>
    </Library>
    <Library Include="..\..\x64\Debug\libjpeg.lib">
      <Filter>DebugLibsx64</Filter>
    </Library>
    <Library Include="..\..\x64\Debug\ICC.lib">
      <Filter>DebugLibsx64</Filter>
    </Library>
    <Library Include="..\..\x64\Release\libz.lib">
      <Filter>ReleaseLibsx64</Filter>
    </Library>
    <Library Include="..\..\x64\Release\libtiff.lib">
      <Filter>ReleaseLibsx64</Filter>
    </Library>
    <Library Include="..\..\x64\Release\libjpeg.lib">
      <Filter>ReleaseLibsx64</Filter>
    </Library>
    <Library Include="..\..\x64\Release\ICC.lib">
      <Filter>ReleaseLibsx64</Filter>
    </Library>
    <Library Include="C:\Program Files (x86)\Microsoft SDKs\Windows\v7.0A\Lib\x64\Kernel32.Lib" />
    <Library Include="..\..\x64\Release\ARPACK2.lib">
      <Filter>klMatrixLibs\ReleaselPackages</Filter>
    </Library>
    <Library Include="..\..\x64\Release\expokitcpp.lib">
      <Filter>klMatrixLibs\ReleaselPackages</Filter>
    </Library>
    <Library Include="..\..\x64\Release\FGT.lib">
      <Filter>klMatrixLibs\ReleaselPackages</Filter>
    </Library>
    <Library Include="..\..\x64\Release\gsl.lib">
      <Filter>klMatrixLibs\ReleaselPackages</Filter>
    </Library>
    <Library Include="..\..\x64\Release\klMatrixCoreLib.lib">
      <Filter>klMatrixLibs\ReleaselPackages</Filter>
    </Library>
    <Library Include="..\..\x64\Release\libsdpa.lib">
      <Filter>klMatrixLibs\ReleaselPackages</Filter>
    </Library>
    <Library Include="..\..\x64\Release\Matlib.lib">
      <Filter>klMatrixLibs\ReleaselPackages</Filter>
    </Library>
    <Library Include="..\..\x64\Release\RBCNN.lib">
      <Filter>klMatrixLibs\ReleaselPackages</Filter>
    </Library>
    <Library Include="..\..\x64\Release\SuperLU_MT_VC.lib">
      <Filter>klMatrixLibs\ReleaselPackages</Filter>
    </Library>
    <Library Include="..\..\x64\Release\UMFPACK.lib">
      <Filter>klMatrixLibs\ReleaselPackages</Filter>
    </Library>
    <Library Include="C:\Program Files\MATLAB\R2012b\extern\lib\win64\microsoft\libemlrt.lib">
      <Filter>klMatrixLibs\MatlabLibs</Filter>
    </Library>
    <Library Include="C:\Program Files\MATLAB\R2012b\extern\lib\win64\microsoft\libeng.lib">
      <Filter>klMatrixLibs\MatlabLibs</Filter>
    </Library>
    <Library Include="C:\Program Files\MATLAB\R2012b\extern\lib\win64\microsoft\libfixedpoint.lib">
      <Filter>klMatrixLibs\MatlabLibs</Filter>
    </Library>
    <Library Include="C:\Program Files\MATLAB\R2012b\extern\lib\win64\microsoft\libmat.lib">
      <Filter>klMatrixLibs\MatlabLibs</Filter>
    </Library>
    <Library Include="C:\Program Files\MATLAB\R2012b\extern\lib\win64\microsoft\libmex.lib">
      <Filter>klMatrixLibs\MatlabLibs</Filter>
    </Library>
    <Library Include="C:\Program Files\MATLAB\R2012b\extern\lib\win64\microsoft\libmwblas.lib">
      <Filter>klMatrixLibs\MatlabLibs</Filter>
    </Library>
    <Library Include="C:\Program Files\MATLAB\R2012b\extern\lib\win64\microsoft\libmwblascompat32.lib">
      <Filter>klMatrixLibs\MatlabLibs</Filter>
    </Library>
    <Library Include="C:\Program Files\MATLAB\R2012b\extern\lib\win64\microsoft\libmwlapack.lib">
      <Filter>klMatrixLibs\MatlabLibs</Filter>
    </Library>
    <Library Include="C:\Program Files\MATLAB\R2012b\extern\lib\win64\microsoft\libmwmathutil.lib">
      <Filter>klMatrixLibs\MatlabLibs</Filter>
    </Library>
    <Library Include="C:\Program Files\MATLAB\R2012b\extern\lib\win64\microsoft\libmwservices.lib">
      <Filter>klMatrixLibs\MatlabLibs</Filter>
    </Library>
    <Library Include="C:\Program Files\MATLAB\R2012b\extern\lib\win64\microsoft\libmx.lib">
      <Filter>klMatrixLibs\MatlabLibs</Filter>
    </Library>
    <Library Include="C:\Program Files\MATLAB\R2012b\extern\lib\win64\microsoft\libut.lib">
      <Filter>klMatrixLibs\MatlabLibs</Filter>
    </Library>
    <Library Include="C:\Program Files\MATLAB\R2012b\extern\lib\win64\microsoft\mclbase.lib">
      <Filter>klMatrixLibs\MatlabLibs</Filter>
    </Library>
    <Library Include="C:\Program Files\MATLAB\R2012b\extern\lib\win64\microsoft\mclmcr.lib">
      <Filter>klMatrixLibs\MatlabLibs</Filter>
    </Library>
    <Library Include="C:\Program Files\MATLAB\R2012b\extern\lib\win64\microsoft\mclmcrrt.lib">
      <Filter>klMatrixLibs\MatlabLibs</Filter>
    </Library>
    <Library Include="..\..\x64\Debug\ARPACK2.lib">
      <Filter>klMatrixLibs\DebugklPackages</Filter>
    </Library>
    <Library Include="..\..\x64\Debug\expokit.lib">
      <Filter>klMatrixLibs\DebugklPackages</Filter>
    </Library>
    <Library Include="..\..\x64\Debug\expokitcpp.lib">
      <Filter>klMatrixLibs\DebugklPackages</Filter>
    </Library>
    <Library Include="..\..\x64\Debug\FGT.lib">
      <Filter>klMatrixLibs\DebugklPackages</Filter>
    </Library>
    <Library Include="..\..\x64\Debug\gsl.lib">
      <Filter>klMatrixLibs\DebugklPackages</Filter>
    </Library>
    <Library Include="..\..\x64\Debug\klMatrixCoreLib.lib">
      <Filter>klMatrixLibs\DebugklPackages</Filter>
    </Library>
    <Library Include="..\..\x64\Debug\libsdpa.lib">
      <Filter>klMatrixLibs\DebugklPackages</Filter>
    </Library>
    <Library Include="..\..\x64\Debug\Matlib.lib">
      <Filter>klMatrixLibs\DebugklPackages</Filter>
    </Library>
    <Library Include="..\..\x64\Debug\RBCNN.lib">
      <Filter>klMatrixLibs\DebugklPackages</Filter>
    </Library>
    <Library Include="..\..\x64\Debug\SuperLU_MT_VC.lib">
      <Filter>klMatrixLibs\DebugklPackages</Filter>
    </Library>
    <Library Include="..\..\x64\Debug\UMFPACK.lib">
      <Filter>klMatrixLibs\DebugklPackages</Filter>
    </Library>
  </ItemGroup>
</Project>