<?xml version="1.0" encoding="utf-8"?>
<Project ToolsVersion="4.0" xmlns="http://schemas.microsoft.com/developer/msbuild/2003">
  <ItemGroup>
    <CustomBuild Include="..\..\sources\uic\CMakeLists.txt" />
    <CustomBuild Include="CMakeFiles\e1ccace9b45f36d3d162f4e857dd4207\ALL_BUILD.rule">
      <Filter>CMake Rules</Filter>
    </CustomBuild>
  </ItemGroup>
  <ItemGroup>
    <None Include="CMakeFiles\ALL_BUILD" />
  </ItemGroup>
  <ItemGroup>
    <Filter Include="CMake Rules">
      <UniqueIdentifier>{345BCBEA-A7AC-42DA-A5D3-5F8597644389}</UniqueIdentifier>
    </Filter>
  </ItemGroup>
</Project>
